<?xml version="1.0" encoding="utf-8"?>
<Project ToolsVersion="4.0" xmlns="http://schemas.microsoft.com/developer/msbuild/2003">
  <ItemGroup>
    <Filter Include="Source Files">
      <UniqueIdentifier>{4FC737F1-C7A5-4376-A066-2A32D752A2FF}</UniqueIdentifier>
      <Extensions>cpp;c;cc;cxx;def;odl;idl;hpj;bat;asm;asmx</Extensions>
    </Filter>
    <Filter Include="Header Files">
      <UniqueIdentifier>{93995380-89BD-4b04-88EB-625FBE52EBFB}</UniqueIdentifier>
      <Extensions>h;hpp;hxx;hm;inl;inc;xsd</Extensions>
    </Filter>
    <Filter Include="Resource Files">
      <UniqueIdentifier>{67DA6AB6-F800-4c08-8B7A-83BB121AAD01}</UniqueIdentifier>
      <Extensions>rc;ico;cur;bmp;dlg;rc2;rct;bin;rgs;gif;jpg;jpeg;jpe;resx;tiff;tif;png;wav;mfcribbon-ms</Extensions>
    </Filter>
    <Filter Include="Resource Files\Materials">
      <UniqueIdentifier>{44a935ca-39ad-4591-99aa-6a96cc7f322f}</UniqueIdentifier>
    </Filter>
    <Filter Include="Resource Files\Textures">
      <UniqueIdentifier>{bb590172-4ea8-4d89-8567-3321deffe68c}</UniqueIdentifier>
    </Filter>
    <Filter Include="Resource Files\Objects">
      <UniqueIdentifier>{e4d9a17b-ca8d-4001-9939-44237453eb71}</UniqueIdentifier>
    </Filter>
    <Filter Include="Resource Files\Shaders">
      <UniqueIdentifier>{f29e1168-b269-4fdf-9d89-fb2ee0fe4bc6}</UniqueIdentifier>
    </Filter>
    <Filter Include="Source Files\Components">
      <UniqueIdentifier>{16a05556-2509-4d1d-a3de-4c29772a3498}</UniqueIdentifier>
    </Filter>
    <Filter Include="Source Files\GameObjects">
      <UniqueIdentifier>{77218e75-a071-40c3-908e-1547fba9de83}</UniqueIdentifier>
    </Filter>
    <Filter Include="Header Files\Components">
      <UniqueIdentifier>{b1354643-3c8e-4ebb-ba30-948516f8db46}</UniqueIdentifier>
    </Filter>
    <Filter Include="Header Files\GameObjects">
      <UniqueIdentifier>{c56251dc-70dc-4363-9950-5e16aa90e17f}</UniqueIdentifier>
    </Filter>
    <Filter Include="Resource Files\bgm">
      <UniqueIdentifier>{32b740ad-0ccc-4762-b844-33a37b686e47}</UniqueIdentifier>
    </Filter>
  </ItemGroup>
  <ItemGroup>
    <ClCompile Include="Sources\Main.cpp">
      <Filter>Source Files</Filter>
    </ClCompile>
    <ClCompile Include="Sources\Engine_Core.cpp">
      <Filter>Source Files</Filter>
    </ClCompile>
    <ClCompile Include="Sources\Input.cpp">
      <Filter>Source Files</Filter>
    </ClCompile>
    <ClCompile Include="Sources\Physics.cpp">
      <Filter>Source Files</Filter>
    </ClCompile>
    <ClCompile Include="Sources\Resources.cpp">
      <Filter>Source Files</Filter>
    </ClCompile>
    <ClCompile Include="Sources\SDL.cpp">
      <Filter>Source Files</Filter>
    </ClCompile>
    <ClCompile Include="Sources\Transform.cpp">
      <Filter>Source Files\Components</Filter>
    </ClCompile>
    <ClCompile Include="Sources\OBJLoader.cpp">
      <Filter>Source Files\Components</Filter>
    </ClCompile>
    <ClCompile Include="Sources\MeshRenderer.cpp">
      <Filter>Source Files\Components</Filter>
    </ClCompile>
    <ClCompile Include="Sources\Light.cpp">
      <Filter>Source Files\Components</Filter>
    </ClCompile>
    <ClCompile Include="Sources\Component.cpp">
      <Filter>Source Files\Components</Filter>
    </ClCompile>
    <ClCompile Include="Sources\BoxCollider.cpp">
      <Filter>Source Files\Components</Filter>
    </ClCompile>
    <ClCompile Include="Sources\Bounds.cpp">
      <Filter>Source Files\Components</Filter>
    </ClCompile>
    <ClCompile Include="Sources\Cube.cpp">
      <Filter>Source Files\GameObjects</Filter>
    </ClCompile>
    <ClCompile Include="Sources\GameObject.cpp">
      <Filter>Source Files\GameObjects</Filter>
    </ClCompile>
    <ClCompile Include="Sources\Lighting.cpp">
      <Filter>Source Files\GameObjects</Filter>
    </ClCompile>
    <ClCompile Include="Sources\Player.cpp">
      <Filter>Source Files\GameObjects</Filter>
    </ClCompile>
    <ClCompile Include="Sources\CustomMotionState.cpp">
      <Filter>Source Files\Components</Filter>
    </ClCompile>
    <ClCompile Include="Sources\Time.cpp">
      <Filter>Source Files</Filter>
    </ClCompile>
    <ClCompile Include="Sources\DebugDrawer.cpp">
      <Filter>Source Files</Filter>
    </ClCompile>
    <ClCompile Include="Sources\Floor.cpp">
      <Filter>Source Files\GameObjects</Filter>
    </ClCompile>
    <ClCompile Include="Sources\Wheel.cpp">
      <Filter>Source Files\GameObjects</Filter>
    </ClCompile>
    <ClCompile Include="Sources\Barrel.cpp">
      <Filter>Source Files\GameObjects</Filter>
    </ClCompile>
    <ClCompile Include="Sources\SkyBox.cpp">
      <Filter>Source Files\GameObjects</Filter>
    </ClCompile>
    <ClCompile Include="Sources\Audio.cpp">
      <Filter>Source Files</Filter>
    </ClCompile>
  </ItemGroup>
  <ItemGroup>
    <ClInclude Include="Headers\Engine_Core.h">
      <Filter>Header Files</Filter>
    </ClInclude>
    <ClInclude Include="Headers\Global.h">
      <Filter>Header Files</Filter>
    </ClInclude>
    <ClInclude Include="Headers\Input.h">
      <Filter>Header Files</Filter>
    </ClInclude>
    <ClInclude Include="Headers\Physics.h">
      <Filter>Header Files</Filter>
    </ClInclude>
    <ClInclude Include="Headers\Resources.h">
      <Filter>Header Files</Filter>
    </ClInclude>
    <ClInclude Include="Headers\Bounds.h">
      <Filter>Header Files\Components</Filter>
    </ClInclude>
    <ClInclude Include="Headers\BoxCollider.h">
      <Filter>Header Files\Components</Filter>
    </ClInclude>
    <ClInclude Include="Headers\Component.h">
      <Filter>Header Files\Components</Filter>
    </ClInclude>
    <ClInclude Include="Headers\Cube.h">
      <Filter>Header Files\GameObjects</Filter>
    </ClInclude>
    <ClInclude Include="Headers\Lighting.h">
      <Filter>Header Files\GameObjects</Filter>
    </ClInclude>
    <ClInclude Include="Headers\GameObject.h">
      <Filter>Header Files\GameObjects</Filter>
    </ClInclude>
    <ClInclude Include="Headers\Objects.h">
      <Filter>Header Files\GameObjects</Filter>
    </ClInclude>
    <ClInclude Include="Headers\Player.h">
      <Filter>Header Files\GameObjects</Filter>
    </ClInclude>
    <ClInclude Include="Headers\Transform.h">
      <Filter>Header Files\Components</Filter>
    </ClInclude>
    <ClInclude Include="Headers\OBJLoader.h">
      <Filter>Header Files\Components</Filter>
    </ClInclude>
    <ClInclude Include="Headers\MeshRenderer.h">
      <Filter>Header Files\Components</Filter>
    </ClInclude>
    <ClInclude Include="Headers\Light.h">
      <Filter>Header Files\Components</Filter>
    </ClInclude>
    <ClInclude Include="Headers\SDL.h">
      <Filter>Header Files</Filter>
    </ClInclude>
    <ClInclude Include="Headers\CustomMotionState.h">
      <Filter>Header Files\Components</Filter>
    </ClInclude>
    <ClInclude Include="Headers\Time.h">
      <Filter>Header Files</Filter>
    </ClInclude>
    <ClInclude Include="Headers\DebugDrawer.h">
      <Filter>Header Files</Filter>
    </ClInclude>
    <ClInclude Include="Headers\Floor.h">
      <Filter>Header Files\GameObjects</Filter>
    </ClInclude>
    <ClInclude Include="Headers\Wheel.h">
      <Filter>Header Files\GameObjects</Filter>
    </ClInclude>
    <ClInclude Include="Headers\Barrel.h">
      <Filter>Header Files\GameObjects</Filter>
    </ClInclude>
    <ClInclude Include="Headers\SkyBox.h">
      <Filter>Header Files\GameObjects</Filter>
    </ClInclude>
    <ClInclude Include="Headers\Audio.h">
      <Filter>Header Files</Filter>
    </ClInclude>
  </ItemGroup>
  <ItemGroup>
    <Text Include="Assets\Materials\sphere.txt">
      <Filter>Resource Files\Materials</Filter>
    </Text>
    <Text Include="Assets\Materials\cube.txt">
      <Filter>Resource Files\Materials</Filter>
    </Text>
    <Text Include="Assets\Materials\hamster.txt">
      <Filter>Resource Files\Materials</Filter>
    </Text>
    <Text Include="Assets\Objects\cube.txt">
      <Filter>Resource Files\Objects</Filter>
    </Text>
    <Text Include="Assets\Objects\hamster.txt">
      <Filter>Resource Files\Objects</Filter>
    </Text>
    <Text Include="Assets\Objects\sphere.txt">
      <Filter>Resource Files\Objects</Filter>
    </Text>
    <Text Include="Assets\Materials\barrel1.txt">
      <Filter>Resource Files\Materials</Filter>
    </Text>
    <Text Include="Assets\Materials\barrel2.txt">
      <Filter>Resource Files\Materials</Filter>
    </Text>
    <Text Include="Assets\Materials\barrel3.txt">
      <Filter>Resource Files\Materials</Filter>
    </Text>
    <Text Include="Assets\Materials\car.txt">
      <Filter>Resource Files\Materials</Filter>
    </Text>
    <Text Include="Assets\Materials\leftwheelcar.txt">
      <Filter>Resource Files\Materials</Filter>
    </Text>
    <Text Include="Assets\Materials\rightwheelcar.txt">
      <Filter>Resource Files\Materials</Filter>
    </Text>
    <Text Include="Assets\Objects\barrel1.txt">
      <Filter>Resource Files\Objects</Filter>
    </Text>
    <Text Include="Assets\Objects\barrel2.txt">
      <Filter>Resource Files\Objects</Filter>
    </Text>
    <Text Include="Assets\Objects\barrel3.txt">
      <Filter>Resource Files\Objects</Filter>
    </Text>
    <Text Include="Assets\Objects\car.txt">
      <Filter>Resource Files\Objects</Filter>
    </Text>
    <Text Include="Assets\Objects\leftwheelcar.txt">
      <Filter>Resource Files\Objects</Filter>
    </Text>
    <Text Include="Assets\Objects\rightwheelcar.txt">
      <Filter>Resource Files\Objects</Filter>
    </Text>
  </ItemGroup>
  <ItemGroup>
    <None Include="Assets\Shaders\frag\objShader.frag">
      <Filter>Resource Files\Shaders</Filter>
    </None>
    <None Include="Assets\Shaders\vert\objShader.vert">
      <Filter>Resource Files\Shaders</Filter>
    </None>
  </ItemGroup>
  <ItemGroup>
    <Image Include="Assets\Textures\cubeTexture.jpg">
      <Filter>Resource Files\Textures</Filter>
    </Image>
    <Image Include="Assets\Textures\hamsterTexture.jpg">
      <Filter>Resource Files\Textures</Filter>
    </Image>
    <Image Include="Assets\Textures\sphereTexture.jpg">
      <Filter>Resource Files\Textures</Filter>
    </Image>
    <Image Include="Assets\Textures\floorTexture.jpg">
      <Filter>Resource Files\Textures</Filter>
    </Image>
    <Image Include="Assets\Textures\rightwheelcarTexture.jpg">
      <Filter>Resource Files\Textures</Filter>
    </Image>
    <Image Include="Assets\Textures\Barrel1Texture.jpg">
      <Filter>Resource Files\Textures</Filter>
    </Image>
    <Image Include="Assets\Textures\Barrel2Texture.jpg">
      <Filter>Resource Files\Textures</Filter>
    </Image>
    <Image Include="Assets\Textures\Barrel3Texture.jpg">
      <Filter>Resource Files\Textures</Filter>
    </Image>
    <Image Include="Assets\Textures\carTexture.jpg">
      <Filter>Resource Files\Textures</Filter>
    </Image>
    <Image Include="Assets\Textures\leftwheelcarTexture.jpg">
      <Filter>Resource Files\Textures</Filter>
    </Image>
    <Image Include="Assets\Textures\skyboxTexture.jpg">
      <Filter>Resource Files\Textures</Filter>
    </Image>
  </ItemGroup>
  <ItemGroup>
    <Media Include="Assets\bgm\bgm.wav">
      <Filter>Resource Files\bgm</Filter>
    </Media>
  </ItemGroup>
</Project>